// !$*UTF8*$!
{
	archiveVersion = 1;
	classes = {
	};
	objectVersion = 46;
	objects = {

/* Begin PBXBuildFile section */
		824E82561B276C530026AF43 /* AppDelegate.swift in Sources */ = {isa = PBXBuildFile; fileRef = 824E82551B276C530026AF43 /* AppDelegate.swift */; };
		824E82581B276C530026AF43 /* TableViewController.swift in Sources */ = {isa = PBXBuildFile; fileRef = 824E82571B276C530026AF43 /* TableViewController.swift */; };
		824E825D1B276C530026AF43 /* Images.xcassets in Resources */ = {isa = PBXBuildFile; fileRef = 824E825C1B276C530026AF43 /* Images.xcassets */; };
		824E826C1B276C530026AF43 /* Aarti_GuideTests.swift in Sources */ = {isa = PBXBuildFile; fileRef = 824E826B1B276C530026AF43 /* Aarti_GuideTests.swift */; };
		824E82861B276CE70026AF43 /* dashavtar.png in Resources */ = {isa = PBXBuildFile; fileRef = 824E82791B276CE70026AF43 /* dashavtar.png */; };
		824E82871B276CE70026AF43 /* dutta.png in Resources */ = {isa = PBXBuildFile; fileRef = 824E827A1B276CE70026AF43 /* dutta.png */; };
		824E82881B276CE70026AF43 /* devi.png in Resources */ = {isa = PBXBuildFile; fileRef = 824E827B1B276CE70026AF43 /* devi.png */; };
		824E82891B276CE70026AF43 /* dnyaneshwar.png in Resources */ = {isa = PBXBuildFile; fileRef = 824E827C1B276CE70026AF43 /* dnyaneshwar.png */; };
		824E828A1B276CE70026AF43 /* ganesha.png in Resources */ = {isa = PBXBuildFile; fileRef = 824E827D1B276CE70026AF43 /* ganesha.png */; };
		824E828B1B276CE70026AF43 /* krishna.png in Resources */ = {isa = PBXBuildFile; fileRef = 824E827E1B276CE70026AF43 /* krishna.png */; };
		824E828C1B276CE70026AF43 /* maruti.png in Resources */ = {isa = PBXBuildFile; fileRef = 824E827F1B276CE70026AF43 /* maruti.png */; };
		824E828D1B276CE70026AF43 /* narasimha.png in Resources */ = {isa = PBXBuildFile; fileRef = 824E82801B276CE70026AF43 /* narasimha.png */; };
		824E828E1B276CE70026AF43 /* pandurang.png in Resources */ = {isa = PBXBuildFile; fileRef = 824E82811B276CE70026AF43 /* pandurang.png */; };
		824E828F1B276CE70026AF43 /* ram.png in Resources */ = {isa = PBXBuildFile; fileRef = 824E82821B276CE70026AF43 /* ram.png */; };
		824E82901B276CE70026AF43 /* saibaba.png in Resources */ = {isa = PBXBuildFile; fileRef = 824E82831B276CE70026AF43 /* saibaba.png */; };
		824E82911B276CE70026AF43 /* satyanarayan.png in Resources */ = {isa = PBXBuildFile; fileRef = 824E82841B276CE70026AF43 /* satyanarayan.png */; };
		824E82921B276CE70026AF43 /* shiva.png in Resources */ = {isa = PBXBuildFile; fileRef = 824E82851B276CE70026AF43 /* shiva.png */; };
		824E82A91B276D5E0026AF43 /* atharva-en.txt in Resources */ = {isa = PBXBuildFile; fileRef = 824E82931B276D5E0026AF43 /* atharva-en.txt */; };
		824E82AA1B276D5E0026AF43 /* bheemrupi-en.txt in Resources */ = {isa = PBXBuildFile; fileRef = 824E82941B276D5E0026AF43 /* bheemrupi-en.txt */; };
		824E82AB1B276D5E0026AF43 /* dashavtar-en.txt in Resources */ = {isa = PBXBuildFile; fileRef = 824E82951B276D5E0026AF43 /* dashavtar-en.txt */; };
		824E82AC1B276D5E0026AF43 /* devi-en.txt in Resources */ = {isa = PBXBuildFile; fileRef = 824E82961B276D5E0026AF43 /* devi-en.txt */; };
		824E82AD1B276D5E0026AF43 /* dutta-en.txt in Resources */ = {isa = PBXBuildFile; fileRef = 824E82971B276D5E0026AF43 /* dutta-en.txt */; };
		824E82AE1B276D5E0026AF43 /* dynaneshwar-en.txt in Resources */ = {isa = PBXBuildFile; fileRef = 824E82981B276D5E0026AF43 /* dynaneshwar-en.txt */; };
		824E82AF1B276D5E0026AF43 /* ganesh-en.txt in Resources */ = {isa = PBXBuildFile; fileRef = 824E82991B276D5E0026AF43 /* ganesh-en.txt */; };
		824E82B01B276D5E0026AF43 /* ghalin-lotangan-en.txt in Resources */ = {isa = PBXBuildFile; fileRef = 824E829A1B276D5E0026AF43 /* ghalin-lotangan-en.txt */; };
		824E82B11B276D5E0026AF43 /* karpurarti-en.txt in Resources */ = {isa = PBXBuildFile; fileRef = 824E829B1B276D5E0026AF43 /* karpurarti-en.txt */; };
		824E82B21B276D5E0026AF43 /* krishna-en.txt in Resources */ = {isa = PBXBuildFile; fileRef = 824E829C1B276D5E0026AF43 /* krishna-en.txt */; };
		824E82B31B276D5E0026AF43 /* mantra-pushpanjali-en.txt in Resources */ = {isa = PBXBuildFile; fileRef = 824E829D1B276D5E0026AF43 /* mantra-pushpanjali-en.txt */; };
		824E82B41B276D5E0026AF43 /* maruti-en.txt in Resources */ = {isa = PBXBuildFile; fileRef = 824E829E1B276D5E0026AF43 /* maruti-en.txt */; };
		824E82B51B276D5E0026AF43 /* narasimha-en.txt in Resources */ = {isa = PBXBuildFile; fileRef = 824E829F1B276D5E0026AF43 /* narasimha-en.txt */; };
		824E82B61B276D5E0026AF43 /* omjagdeesh-en.txt in Resources */ = {isa = PBXBuildFile; fileRef = 824E82A01B276D5E0026AF43 /* omjagdeesh-en.txt */; };
		824E82B71B276D5E0026AF43 /* pandurang-en.txt in Resources */ = {isa = PBXBuildFile; fileRef = 824E82A11B276D5E0026AF43 /* pandurang-en.txt */; };
		824E82B81B276D5E0026AF43 /* pranamya-shirsa-en.txt in Resources */ = {isa = PBXBuildFile; fileRef = 824E82A21B276D5E0026AF43 /* pranamya-shirsa-en.txt */; };
		824E82B91B276D5E0026AF43 /* ram-en.txt in Resources */ = {isa = PBXBuildFile; fileRef = 824E82A31B276D5E0026AF43 /* ram-en.txt */; };
		824E82BA1B276D5E0026AF43 /* sai-en.txt in Resources */ = {isa = PBXBuildFile; fileRef = 824E82A41B276D5E0026AF43 /* sai-en.txt */; };
		824E82BB1B276D5E0026AF43 /* satyanarayan-en.txt in Resources */ = {isa = PBXBuildFile; fileRef = 824E82A51B276D5E0026AF43 /* satyanarayan-en.txt */; };
		824E82BC1B276D5E0026AF43 /* shendur-en.txt in Resources */ = {isa = PBXBuildFile; fileRef = 824E82A61B276D5E0026AF43 /* shendur-en.txt */; };
		824E82BD1B276D5E0026AF43 /* shiva-en.txt in Resources */ = {isa = PBXBuildFile; fileRef = 824E82A71B276D5E0026AF43 /* shiva-en.txt */; };
		824E82BE1B276D5E0026AF43 /* yehi-ho-vitthale-en.txt in Resources */ = {isa = PBXBuildFile; fileRef = 824E82A81B276D5E0026AF43 /* yehi-ho-vitthale-en.txt */; };
		824E82D51B276DC20026AF43 /* atharva-dn.txt in Resources */ = {isa = PBXBuildFile; fileRef = 824E82BF1B276DC20026AF43 /* atharva-dn.txt */; };
		824E82D61B276DC20026AF43 /* bheemrupi-dn.txt in Resources */ = {isa = PBXBuildFile; fileRef = 824E82C01B276DC20026AF43 /* bheemrupi-dn.txt */; };
		824E82D71B276DC20026AF43 /* dashavtar-dn.txt in Resources */ = {isa = PBXBuildFile; fileRef = 824E82C11B276DC20026AF43 /* dashavtar-dn.txt */; };
		824E82D81B276DC20026AF43 /* devi-dn.txt in Resources */ = {isa = PBXBuildFile; fileRef = 824E82C21B276DC20026AF43 /* devi-dn.txt */; };
		824E82D91B276DC20026AF43 /* dutta-dn.txt in Resources */ = {isa = PBXBuildFile; fileRef = 824E82C31B276DC20026AF43 /* dutta-dn.txt */; };
		824E82DA1B276DC20026AF43 /* dynaneshwar-dn.txt in Resources */ = {isa = PBXBuildFile; fileRef = 824E82C41B276DC20026AF43 /* dynaneshwar-dn.txt */; };
		824E82DB1B276DC20026AF43 /* ganesh-dn.txt in Resources */ = {isa = PBXBuildFile; fileRef = 824E82C51B276DC20026AF43 /* ganesh-dn.txt */; };
		824E82DC1B276DC20026AF43 /* ghalin-lotangan-dn.txt in Resources */ = {isa = PBXBuildFile; fileRef = 824E82C61B276DC20026AF43 /* ghalin-lotangan-dn.txt */; };
		824E82DD1B276DC20026AF43 /* karpurarti-dn.txt in Resources */ = {isa = PBXBuildFile; fileRef = 824E82C71B276DC20026AF43 /* karpurarti-dn.txt */; };
		824E82DE1B276DC20026AF43 /* krishna-dn.txt in Resources */ = {isa = PBXBuildFile; fileRef = 824E82C81B276DC20026AF43 /* krishna-dn.txt */; };
		824E82DF1B276DC20026AF43 /* mantra-pushpanjali-dn.txt in Resources */ = {isa = PBXBuildFile; fileRef = 824E82C91B276DC20026AF43 /* mantra-pushpanjali-dn.txt */; };
		824E82E01B276DC20026AF43 /* maruti-dn.txt in Resources */ = {isa = PBXBuildFile; fileRef = 824E82CA1B276DC20026AF43 /* maruti-dn.txt */; };
		824E82E11B276DC20026AF43 /* narasimha-dn.txt in Resources */ = {isa = PBXBuildFile; fileRef = 824E82CB1B276DC20026AF43 /* narasimha-dn.txt */; };
		824E82E21B276DC20026AF43 /* omjagdeesh-dn.txt in Resources */ = {isa = PBXBuildFile; fileRef = 824E82CC1B276DC20026AF43 /* omjagdeesh-dn.txt */; };
		824E82E31B276DC20026AF43 /* pandurang-dn.txt in Resources */ = {isa = PBXBuildFile; fileRef = 824E82CD1B276DC20026AF43 /* pandurang-dn.txt */; };
		824E82E41B276DC20026AF43 /* pranamya-shirsa-dn.txt in Resources */ = {isa = PBXBuildFile; fileRef = 824E82CE1B276DC20026AF43 /* pranamya-shirsa-dn.txt */; };
		824E82E51B276DC20026AF43 /* ram-dn.txt in Resources */ = {isa = PBXBuildFile; fileRef = 824E82CF1B276DC20026AF43 /* ram-dn.txt */; };
		824E82E61B276DC20026AF43 /* sai-dn.txt in Resources */ = {isa = PBXBuildFile; fileRef = 824E82D01B276DC20026AF43 /* sai-dn.txt */; };
		824E82E71B276DC20026AF43 /* satyanarayan-dn.txt in Resources */ = {isa = PBXBuildFile; fileRef = 824E82D11B276DC20026AF43 /* satyanarayan-dn.txt */; };
		824E82E81B276DC20026AF43 /* shendur-dn.txt in Resources */ = {isa = PBXBuildFile; fileRef = 824E82D21B276DC20026AF43 /* shendur-dn.txt */; };
		824E82E91B276DC20026AF43 /* shiva-dn.txt in Resources */ = {isa = PBXBuildFile; fileRef = 824E82D31B276DC20026AF43 /* shiva-dn.txt */; };
		824E82EA1B276DC20026AF43 /* yehi-ho-vitthale-dn.txt in Resources */ = {isa = PBXBuildFile; fileRef = 824E82D41B276DC20026AF43 /* yehi-ho-vitthale-dn.txt */; };
		8264C3621B27785600983A32 /* Aarti.swift in Sources */ = {isa = PBXBuildFile; fileRef = 8264C3611B27785600983A32 /* Aarti.swift */; };
		8264C3641B277EB100983A32 /* om.png in Resources */ = {isa = PBXBuildFile; fileRef = 8264C3631B277EB100983A32 /* om.png */; };
		8264C3661B279C5400983A32 /* Aarti List.plist in Resources */ = {isa = PBXBuildFile; fileRef = 8264C3651B279C5400983A32 /* Aarti List.plist */; };
		8264C3681B27FE4700983A32 /* TableViewCell.swift in Sources */ = {isa = PBXBuildFile; fileRef = 8264C3671B27FE4700983A32 /* TableViewCell.swift */; };
		8289FDA31B28CBE900580C4B /* DetailViewController.swift in Sources */ = {isa = PBXBuildFile; fileRef = 8289FDA21B28CBE900580C4B /* DetailViewController.swift */; };
		8289FDA71B28E9F400580C4B /* AboutViewController.swift in Sources */ = {isa = PBXBuildFile; fileRef = 8289FDA61B28E9F400580C4B /* AboutViewController.swift */; };
		82BEEB7D1B31EE8700FAA255 /* LaunchScreen.xib in Resources */ = {isa = PBXBuildFile; fileRef = 824E825E1B276C530026AF43 /* LaunchScreen.xib */; };
		82BEEB7E1B31EE9800FAA255 /* Main.storyboard in Resources */ = {isa = PBXBuildFile; fileRef = 824E82591B276C530026AF43 /* Main.storyboard */; };
/* End PBXBuildFile section */

/* Begin PBXContainerItemProxy section */
		824E82661B276C530026AF43 /* PBXContainerItemProxy */ = {
			isa = PBXContainerItemProxy;
			containerPortal = 824E82481B276C530026AF43 /* Project object */;
			proxyType = 1;
			remoteGlobalIDString = 824E824F1B276C530026AF43;
			remoteInfo = "Aarti Guide";
		};
/* End PBXContainerItemProxy section */

/* Begin PBXFileReference section */
		824E82501B276C530026AF43 /* Aarti Guide.app */ = {isa = PBXFileReference; explicitFileType = wrapper.application; includeInIndex = 0; path = "Aarti Guide.app"; sourceTree = BUILT_PRODUCTS_DIR; };
		824E82541B276C530026AF43 /* Info.plist */ = {isa = PBXFileReference; lastKnownFileType = text.plist.xml; path = Info.plist; sourceTree = "<group>"; };
		824E82551B276C530026AF43 /* AppDelegate.swift */ = {isa = PBXFileReference; lastKnownFileType = sourcecode.swift; path = AppDelegate.swift; sourceTree = "<group>"; };
		824E82571B276C530026AF43 /* TableViewController.swift */ = {isa = PBXFileReference; lastKnownFileType = sourcecode.swift; path = TableViewController.swift; sourceTree = "<group>"; };
		824E825A1B276C530026AF43 /* Base */ = {isa = PBXFileReference; lastKnownFileType = file.storyboard; name = Base; path = Base.lproj/Main.storyboard; sourceTree = "<group>"; };
		824E825C1B276C530026AF43 /* Images.xcassets */ = {isa = PBXFileReference; lastKnownFileType = folder.assetcatalog; path = Images.xcassets; sourceTree = "<group>"; };
		824E825F1B276C530026AF43 /* Base */ = {isa = PBXFileReference; lastKnownFileType = file.xib; name = Base; path = Base.lproj/LaunchScreen.xib; sourceTree = "<group>"; };
		824E82651B276C530026AF43 /* Aarti GuideTests.xctest */ = {isa = PBXFileReference; explicitFileType = wrapper.cfbundle; includeInIndex = 0; path = "Aarti GuideTests.xctest"; sourceTree = BUILT_PRODUCTS_DIR; };
		824E826A1B276C530026AF43 /* Info.plist */ = {isa = PBXFileReference; lastKnownFileType = text.plist.xml; path = Info.plist; sourceTree = "<group>"; };
		824E826B1B276C530026AF43 /* Aarti_GuideTests.swift */ = {isa = PBXFileReference; lastKnownFileType = sourcecode.swift; path = Aarti_GuideTests.swift; sourceTree = "<group>"; };
		824E82791B276CE70026AF43 /* dashavtar.png */ = {isa = PBXFileReference; lastKnownFileType = image.png; path = dashavtar.png; sourceTree = "<group>"; };
		824E827A1B276CE70026AF43 /* dutta.png */ = {isa = PBXFileReference; lastKnownFileType = image.png; path = dutta.png; sourceTree = "<group>"; };
		824E827B1B276CE70026AF43 /* devi.png */ = {isa = PBXFileReference; lastKnownFileType = image.png; path = devi.png; sourceTree = "<group>"; };
		824E827C1B276CE70026AF43 /* dnyaneshwar.png */ = {isa = PBXFileReference; lastKnownFileType = image.png; path = dnyaneshwar.png; sourceTree = "<group>"; };
		824E827D1B276CE70026AF43 /* ganesha.png */ = {isa = PBXFileReference; lastKnownFileType = image.png; path = ganesha.png; sourceTree = "<group>"; };
		824E827E1B276CE70026AF43 /* krishna.png */ = {isa = PBXFileReference; lastKnownFileType = image.png; path = krishna.png; sourceTree = "<group>"; };
		824E827F1B276CE70026AF43 /* maruti.png */ = {isa = PBXFileReference; lastKnownFileType = image.png; path = maruti.png; sourceTree = "<group>"; };
		824E82801B276CE70026AF43 /* narasimha.png */ = {isa = PBXFileReference; lastKnownFileType = image.png; path = narasimha.png; sourceTree = "<group>"; };
		824E82811B276CE70026AF43 /* pandurang.png */ = {isa = PBXFileReference; lastKnownFileType = image.png; path = pandurang.png; sourceTree = "<group>"; };
		824E82821B276CE70026AF43 /* ram.png */ = {isa = PBXFileReference; lastKnownFileType = image.png; path = ram.png; sourceTree = "<group>"; };
		824E82831B276CE70026AF43 /* saibaba.png */ = {isa = PBXFileReference; lastKnownFileType = image.png; path = saibaba.png; sourceTree = "<group>"; };
		824E82841B276CE70026AF43 /* satyanarayan.png */ = {isa = PBXFileReference; lastKnownFileType = image.png; path = satyanarayan.png; sourceTree = "<group>"; };
		824E82851B276CE70026AF43 /* shiva.png */ = {isa = PBXFileReference; lastKnownFileType = image.png; path = shiva.png; sourceTree = "<group>"; };
		824E82931B276D5E0026AF43 /* atharva-en.txt */ = {isa = PBXFileReference; fileEncoding = 4; lastKnownFileType = text; path = "atharva-en.txt"; sourceTree = "<group>"; };
		824E82941B276D5E0026AF43 /* bheemrupi-en.txt */ = {isa = PBXFileReference; fileEncoding = 4; lastKnownFileType = text; path = "bheemrupi-en.txt"; sourceTree = "<group>"; };
		824E82951B276D5E0026AF43 /* dashavtar-en.txt */ = {isa = PBXFileReference; fileEncoding = 4; lastKnownFileType = text; path = "dashavtar-en.txt"; sourceTree = "<group>"; };
		824E82961B276D5E0026AF43 /* devi-en.txt */ = {isa = PBXFileReference; fileEncoding = 4; lastKnownFileType = text; path = "devi-en.txt"; sourceTree = "<group>"; };
		824E82971B276D5E0026AF43 /* dutta-en.txt */ = {isa = PBXFileReference; fileEncoding = 4; lastKnownFileType = text; path = "dutta-en.txt"; sourceTree = "<group>"; };
		824E82981B276D5E0026AF43 /* dynaneshwar-en.txt */ = {isa = PBXFileReference; fileEncoding = 4; lastKnownFileType = text; path = "dynaneshwar-en.txt"; sourceTree = "<group>"; };
		824E82991B276D5E0026AF43 /* ganesh-en.txt */ = {isa = PBXFileReference; fileEncoding = 4; lastKnownFileType = text; path = "ganesh-en.txt"; sourceTree = "<group>"; };
		824E829A1B276D5E0026AF43 /* ghalin-lotangan-en.txt */ = {isa = PBXFileReference; fileEncoding = 4; lastKnownFileType = text; path = "ghalin-lotangan-en.txt"; sourceTree = "<group>"; };
		824E829B1B276D5E0026AF43 /* karpurarti-en.txt */ = {isa = PBXFileReference; fileEncoding = 4; lastKnownFileType = text; path = "karpurarti-en.txt"; sourceTree = "<group>"; };
		824E829C1B276D5E0026AF43 /* krishna-en.txt */ = {isa = PBXFileReference; fileEncoding = 4; lastKnownFileType = text; path = "krishna-en.txt"; sourceTree = "<group>"; };
		824E829D1B276D5E0026AF43 /* mantra-pushpanjali-en.txt */ = {isa = PBXFileReference; fileEncoding = 4; lastKnownFileType = text; path = "mantra-pushpanjali-en.txt"; sourceTree = "<group>"; };
		824E829E1B276D5E0026AF43 /* maruti-en.txt */ = {isa = PBXFileReference; fileEncoding = 4; lastKnownFileType = text; path = "maruti-en.txt"; sourceTree = "<group>"; };
		824E829F1B276D5E0026AF43 /* narasimha-en.txt */ = {isa = PBXFileReference; fileEncoding = 4; lastKnownFileType = text; path = "narasimha-en.txt"; sourceTree = "<group>"; };
		824E82A01B276D5E0026AF43 /* omjagdeesh-en.txt */ = {isa = PBXFileReference; fileEncoding = 4; lastKnownFileType = text; path = "omjagdeesh-en.txt"; sourceTree = "<group>"; };
		824E82A11B276D5E0026AF43 /* pandurang-en.txt */ = {isa = PBXFileReference; fileEncoding = 4; lastKnownFileType = text; path = "pandurang-en.txt"; sourceTree = "<group>"; };
		824E82A21B276D5E0026AF43 /* pranamya-shirsa-en.txt */ = {isa = PBXFileReference; fileEncoding = 4; lastKnownFileType = text; path = "pranamya-shirsa-en.txt"; sourceTree = "<group>"; };
		824E82A31B276D5E0026AF43 /* ram-en.txt */ = {isa = PBXFileReference; fileEncoding = 4; lastKnownFileType = text; path = "ram-en.txt"; sourceTree = "<group>"; };
		824E82A41B276D5E0026AF43 /* sai-en.txt */ = {isa = PBXFileReference; fileEncoding = 4; lastKnownFileType = text; path = "sai-en.txt"; sourceTree = "<group>"; };
		824E82A51B276D5E0026AF43 /* satyanarayan-en.txt */ = {isa = PBXFileReference; fileEncoding = 4; lastKnownFileType = text; path = "satyanarayan-en.txt"; sourceTree = "<group>"; };
		824E82A61B276D5E0026AF43 /* shendur-en.txt */ = {isa = PBXFileReference; fileEncoding = 4; lastKnownFileType = text; path = "shendur-en.txt"; sourceTree = "<group>"; };
		824E82A71B276D5E0026AF43 /* shiva-en.txt */ = {isa = PBXFileReference; fileEncoding = 4; lastKnownFileType = text; path = "shiva-en.txt"; sourceTree = "<group>"; };
		824E82A81B276D5E0026AF43 /* yehi-ho-vitthale-en.txt */ = {isa = PBXFileReference; fileEncoding = 4; lastKnownFileType = text; path = "yehi-ho-vitthale-en.txt"; sourceTree = "<group>"; };
		824E82BF1B276DC20026AF43 /* atharva-dn.txt */ = {isa = PBXFileReference; fileEncoding = 4; lastKnownFileType = text; path = "atharva-dn.txt"; sourceTree = "<group>"; };
		824E82C01B276DC20026AF43 /* bheemrupi-dn.txt */ = {isa = PBXFileReference; fileEncoding = 4; lastKnownFileType = text; path = "bheemrupi-dn.txt"; sourceTree = "<group>"; };
		824E82C11B276DC20026AF43 /* dashavtar-dn.txt */ = {isa = PBXFileReference; fileEncoding = 4; lastKnownFileType = text; path = "dashavtar-dn.txt"; sourceTree = "<group>"; };
		824E82C21B276DC20026AF43 /* devi-dn.txt */ = {isa = PBXFileReference; fileEncoding = 4; lastKnownFileType = text; path = "devi-dn.txt"; sourceTree = "<group>"; };
		824E82C31B276DC20026AF43 /* dutta-dn.txt */ = {isa = PBXFileReference; fileEncoding = 4; lastKnownFileType = text; path = "dutta-dn.txt"; sourceTree = "<group>"; };
		824E82C41B276DC20026AF43 /* dynaneshwar-dn.txt */ = {isa = PBXFileReference; fileEncoding = 4; lastKnownFileType = text; path = "dynaneshwar-dn.txt"; sourceTree = "<group>"; };
		824E82C51B276DC20026AF43 /* ganesh-dn.txt */ = {isa = PBXFileReference; fileEncoding = 4; lastKnownFileType = text; path = "ganesh-dn.txt"; sourceTree = "<group>"; };
		824E82C61B276DC20026AF43 /* ghalin-lotangan-dn.txt */ = {isa = PBXFileReference; fileEncoding = 4; lastKnownFileType = text; path = "ghalin-lotangan-dn.txt"; sourceTree = "<group>"; };
		824E82C71B276DC20026AF43 /* karpurarti-dn.txt */ = {isa = PBXFileReference; fileEncoding = 4; lastKnownFileType = text; path = "karpurarti-dn.txt"; sourceTree = "<group>"; };
		824E82C81B276DC20026AF43 /* krishna-dn.txt */ = {isa = PBXFileReference; fileEncoding = 4; lastKnownFileType = text; path = "krishna-dn.txt"; sourceTree = "<group>"; };
		824E82C91B276DC20026AF43 /* mantra-pushpanjali-dn.txt */ = {isa = PBXFileReference; fileEncoding = 4; lastKnownFileType = text; path = "mantra-pushpanjali-dn.txt"; sourceTree = "<group>"; };
		824E82CA1B276DC20026AF43 /* maruti-dn.txt */ = {isa = PBXFileReference; fileEncoding = 4; lastKnownFileType = text; path = "maruti-dn.txt"; sourceTree = "<group>"; };
		824E82CB1B276DC20026AF43 /* narasimha-dn.txt */ = {isa = PBXFileReference; fileEncoding = 4; lastKnownFileType = text; path = "narasimha-dn.txt"; sourceTree = "<group>"; };
		824E82CC1B276DC20026AF43 /* omjagdeesh-dn.txt */ = {isa = PBXFileReference; fileEncoding = 4; lastKnownFileType = text; path = "omjagdeesh-dn.txt"; sourceTree = "<group>"; };
		824E82CD1B276DC20026AF43 /* pandurang-dn.txt */ = {isa = PBXFileReference; fileEncoding = 4; lastKnownFileType = text; path = "pandurang-dn.txt"; sourceTree = "<group>"; };
		824E82CE1B276DC20026AF43 /* pranamya-shirsa-dn.txt */ = {isa = PBXFileReference; fileEncoding = 4; lastKnownFileType = text; path = "pranamya-shirsa-dn.txt"; sourceTree = "<group>"; };
		824E82CF1B276DC20026AF43 /* ram-dn.txt */ = {isa = PBXFileReference; fileEncoding = 4; lastKnownFileType = text; path = "ram-dn.txt"; sourceTree = "<group>"; };
		824E82D01B276DC20026AF43 /* sai-dn.txt */ = {isa = PBXFileReference; fileEncoding = 4; lastKnownFileType = text; path = "sai-dn.txt"; sourceTree = "<group>"; };
		824E82D11B276DC20026AF43 /* satyanarayan-dn.txt */ = {isa = PBXFileReference; fileEncoding = 4; lastKnownFileType = text; path = "satyanarayan-dn.txt"; sourceTree = "<group>"; };
		824E82D21B276DC20026AF43 /* shendur-dn.txt */ = {isa = PBXFileReference; fileEncoding = 4; lastKnownFileType = text; path = "shendur-dn.txt"; sourceTree = "<group>"; };
		824E82D31B276DC20026AF43 /* shiva-dn.txt */ = {isa = PBXFileReference; fileEncoding = 4; lastKnownFileType = text; path = "shiva-dn.txt"; sourceTree = "<group>"; };
		824E82D41B276DC20026AF43 /* yehi-ho-vitthale-dn.txt */ = {isa = PBXFileReference; fileEncoding = 4; lastKnownFileType = text; path = "yehi-ho-vitthale-dn.txt"; sourceTree = "<group>"; };
		8264C3611B27785600983A32 /* Aarti.swift */ = {isa = PBXFileReference; fileEncoding = 4; lastKnownFileType = sourcecode.swift; path = Aarti.swift; sourceTree = "<group>"; };
		8264C3631B277EB100983A32 /* om.png */ = {isa = PBXFileReference; lastKnownFileType = image.png; path = om.png; sourceTree = "<group>"; };
		8264C3651B279C5400983A32 /* Aarti List.plist */ = {isa = PBXFileReference; fileEncoding = 4; lastKnownFileType = text.plist.xml; path = "Aarti List.plist"; sourceTree = "<group>"; };
		8264C3671B27FE4700983A32 /* TableViewCell.swift */ = {isa = PBXFileReference; fileEncoding = 4; lastKnownFileType = sourcecode.swift; path = TableViewCell.swift; sourceTree = "<group>"; };
		8289FDA21B28CBE900580C4B /* DetailViewController.swift */ = {isa = PBXFileReference; fileEncoding = 4; lastKnownFileType = sourcecode.swift; path = DetailViewController.swift; sourceTree = "<group>"; };
		8289FDA61B28E9F400580C4B /* AboutViewController.swift */ = {isa = PBXFileReference; fileEncoding = 4; lastKnownFileType = sourcecode.swift; path = AboutViewController.swift; sourceTree = "<group>"; };
/* End PBXFileReference section */

/* Begin PBXFrameworksBuildPhase section */
		824E824D1B276C530026AF43 /* Frameworks */ = {
			isa = PBXFrameworksBuildPhase;
			buildActionMask = 2147483647;
			files = (
			);
			runOnlyForDeploymentPostprocessing = 0;
		};
		824E82621B276C530026AF43 /* Frameworks */ = {
			isa = PBXFrameworksBuildPhase;
			buildActionMask = 2147483647;
			files = (
			);
			runOnlyForDeploymentPostprocessing = 0;
		};
/* End PBXFrameworksBuildPhase section */

/* Begin PBXGroup section */
		824E82471B276C530026AF43 = {
			isa = PBXGroup;
			children = (
				824E82751B276C8D0026AF43 /* Resources */,
				824E82521B276C530026AF43 /* Aarti Guide */,
				824E82681B276C530026AF43 /* Aarti GuideTests */,
				824E82511B276C530026AF43 /* Products */,
			);
			sourceTree = "<group>";
		};
		824E82511B276C530026AF43 /* Products */ = {
			isa = PBXGroup;
			children = (
				824E82501B276C530026AF43 /* Aarti Guide.app */,
				824E82651B276C530026AF43 /* Aarti GuideTests.xctest */,
			);
			name = Products;
			sourceTree = "<group>";
		};
		824E82521B276C530026AF43 /* Aarti Guide */ = {
			isa = PBXGroup;
			children = (
				824E82551B276C530026AF43 /* AppDelegate.swift */,
				8264C3611B27785600983A32 /* Aarti.swift */,
				824E82571B276C530026AF43 /* TableViewController.swift */,
				8289FDA61B28E9F400580C4B /* AboutViewController.swift */,
				8289FDA21B28CBE900580C4B /* DetailViewController.swift */,
				8264C3671B27FE4700983A32 /* TableViewCell.swift */,
				824E82591B276C530026AF43 /* Main.storyboard */,
				824E825C1B276C530026AF43 /* Images.xcassets */,
				824E825E1B276C530026AF43 /* LaunchScreen.xib */,
				824E82531B276C530026AF43 /* Supporting Files */,
			);
			path = "Aarti Guide";
			sourceTree = "<group>";
		};
		824E82531B276C530026AF43 /* Supporting Files */ = {
			isa = PBXGroup;
			children = (
				824E82541B276C530026AF43 /* Info.plist */,
			);
			name = "Supporting Files";
			sourceTree = "<group>";
		};
		824E82681B276C530026AF43 /* Aarti GuideTests */ = {
			isa = PBXGroup;
			children = (
				824E826B1B276C530026AF43 /* Aarti_GuideTests.swift */,
				824E82691B276C530026AF43 /* Supporting Files */,
			);
			path = "Aarti GuideTests";
			sourceTree = "<group>";
		};
		824E82691B276C530026AF43 /* Supporting Files */ = {
			isa = PBXGroup;
			children = (
				824E826A1B276C530026AF43 /* Info.plist */,
			);
			name = "Supporting Files";
			sourceTree = "<group>";
		};
		824E82751B276C8D0026AF43 /* Resources */ = {
			isa = PBXGroup;
			children = (
				8264C3651B279C5400983A32 /* Aarti List.plist */,
				824E82781B276CAB0026AF43 /* Images */,
				824E82771B276CA10026AF43 /* English */,
				824E82761B276C960026AF43 /* Devnagari */,
			);
			name = Resources;
			sourceTree = "<group>";
		};
		824E82761B276C960026AF43 /* Devnagari */ = {
			isa = PBXGroup;
			children = (
				824E82BF1B276DC20026AF43 /* atharva-dn.txt */,
				824E82C01B276DC20026AF43 /* bheemrupi-dn.txt */,
				824E82C11B276DC20026AF43 /* dashavtar-dn.txt */,
				824E82C21B276DC20026AF43 /* devi-dn.txt */,
				824E82C31B276DC20026AF43 /* dutta-dn.txt */,
				824E82C41B276DC20026AF43 /* dynaneshwar-dn.txt */,
				824E82C51B276DC20026AF43 /* ganesh-dn.txt */,
				824E82C61B276DC20026AF43 /* ghalin-lotangan-dn.txt */,
				824E82C71B276DC20026AF43 /* karpurarti-dn.txt */,
				824E82C81B276DC20026AF43 /* krishna-dn.txt */,
				824E82C91B276DC20026AF43 /* mantra-pushpanjali-dn.txt */,
				824E82CA1B276DC20026AF43 /* maruti-dn.txt */,
				824E82CB1B276DC20026AF43 /* narasimha-dn.txt */,
				824E82CC1B276DC20026AF43 /* omjagdeesh-dn.txt */,
				824E82CD1B276DC20026AF43 /* pandurang-dn.txt */,
				824E82CE1B276DC20026AF43 /* pranamya-shirsa-dn.txt */,
				824E82CF1B276DC20026AF43 /* ram-dn.txt */,
				824E82D01B276DC20026AF43 /* sai-dn.txt */,
				824E82D11B276DC20026AF43 /* satyanarayan-dn.txt */,
				824E82D21B276DC20026AF43 /* shendur-dn.txt */,
				824E82D31B276DC20026AF43 /* shiva-dn.txt */,
				824E82D41B276DC20026AF43 /* yehi-ho-vitthale-dn.txt */,
			);
			name = Devnagari;
			sourceTree = "<group>";
		};
		824E82771B276CA10026AF43 /* English */ = {
			isa = PBXGroup;
			children = (
				824E82931B276D5E0026AF43 /* atharva-en.txt */,
				824E82941B276D5E0026AF43 /* bheemrupi-en.txt */,
				824E82951B276D5E0026AF43 /* dashavtar-en.txt */,
				824E82961B276D5E0026AF43 /* devi-en.txt */,
				824E82971B276D5E0026AF43 /* dutta-en.txt */,
				824E82981B276D5E0026AF43 /* dynaneshwar-en.txt */,
				824E82991B276D5E0026AF43 /* ganesh-en.txt */,
				824E829A1B276D5E0026AF43 /* ghalin-lotangan-en.txt */,
				824E829B1B276D5E0026AF43 /* karpurarti-en.txt */,
				824E829C1B276D5E0026AF43 /* krishna-en.txt */,
				824E829D1B276D5E0026AF43 /* mantra-pushpanjali-en.txt */,
				824E829E1B276D5E0026AF43 /* maruti-en.txt */,
				824E829F1B276D5E0026AF43 /* narasimha-en.txt */,
				824E82A01B276D5E0026AF43 /* omjagdeesh-en.txt */,
				824E82A11B276D5E0026AF43 /* pandurang-en.txt */,
				824E82A21B276D5E0026AF43 /* pranamya-shirsa-en.txt */,
				824E82A31B276D5E0026AF43 /* ram-en.txt */,
				824E82A41B276D5E0026AF43 /* sai-en.txt */,
				824E82A51B276D5E0026AF43 /* satyanarayan-en.txt */,
				824E82A61B276D5E0026AF43 /* shendur-en.txt */,
				824E82A71B276D5E0026AF43 /* shiva-en.txt */,
				824E82A81B276D5E0026AF43 /* yehi-ho-vitthale-en.txt */,
			);
			name = English;
			sourceTree = "<group>";
		};
		824E82781B276CAB0026AF43 /* Images */ = {
			isa = PBXGroup;
			children = (
				824E82791B276CE70026AF43 /* dashavtar.png */,
				824E827A1B276CE70026AF43 /* dutta.png */,
				824E827B1B276CE70026AF43 /* devi.png */,
				824E827C1B276CE70026AF43 /* dnyaneshwar.png */,
				824E827D1B276CE70026AF43 /* ganesha.png */,
				824E827E1B276CE70026AF43 /* krishna.png */,
				824E827F1B276CE70026AF43 /* maruti.png */,
				824E82801B276CE70026AF43 /* narasimha.png */,
				8264C3631B277EB100983A32 /* om.png */,
				824E82811B276CE70026AF43 /* pandurang.png */,
				824E82821B276CE70026AF43 /* ram.png */,
				824E82831B276CE70026AF43 /* saibaba.png */,
				824E82841B276CE70026AF43 /* satyanarayan.png */,
				824E82851B276CE70026AF43 /* shiva.png */,
			);
			name = Images;
			sourceTree = "<group>";
		};
/* End PBXGroup section */

/* Begin PBXNativeTarget section */
		824E824F1B276C530026AF43 /* Aarti Guide */ = {
			isa = PBXNativeTarget;
			buildConfigurationList = 824E826F1B276C530026AF43 /* Build configuration list for PBXNativeTarget "Aarti Guide" */;
			buildPhases = (
				824E824C1B276C530026AF43 /* Sources */,
				824E824D1B276C530026AF43 /* Frameworks */,
				824E824E1B276C530026AF43 /* Resources */,
			);
			buildRules = (
			);
			dependencies = (
			);
			name = "Aarti Guide";
			productName = "Aarti Guide";
			productReference = 824E82501B276C530026AF43 /* Aarti Guide.app */;
			productType = "com.apple.product-type.application";
		};
		824E82641B276C530026AF43 /* Aarti GuideTests */ = {
			isa = PBXNativeTarget;
			buildConfigurationList = 824E82721B276C530026AF43 /* Build configuration list for PBXNativeTarget "Aarti GuideTests" */;
			buildPhases = (
				824E82611B276C530026AF43 /* Sources */,
				824E82621B276C530026AF43 /* Frameworks */,
				824E82631B276C530026AF43 /* Resources */,
			);
			buildRules = (
			);
			dependencies = (
				824E82671B276C530026AF43 /* PBXTargetDependency */,
			);
			name = "Aarti GuideTests";
			productName = "Aarti GuideTests";
			productReference = 824E82651B276C530026AF43 /* Aarti GuideTests.xctest */;
			productType = "com.apple.product-type.bundle.unit-test";
		};
/* End PBXNativeTarget section */

/* Begin PBXProject section */
		824E82481B276C530026AF43 /* Project object */ = {
			isa = PBXProject;
			attributes = {
				LastUpgradeCheck = 0630;
				ORGANIZATIONNAME = "Rahul Abhyankar";
				TargetAttributes = {
					824E824F1B276C530026AF43 = {
						CreatedOnToolsVersion = 6.3.1;
						DevelopmentTeam = HBNTCNZWKJ;
					};
					824E82641B276C530026AF43 = {
						CreatedOnToolsVersion = 6.3.1;
						TestTargetID = 824E824F1B276C530026AF43;
					};
				};
			};
			buildConfigurationList = 824E824B1B276C530026AF43 /* Build configuration list for PBXProject "Aarti Guide" */;
			compatibilityVersion = "Xcode 3.2";
			developmentRegion = English;
			hasScannedForEncodings = 0;
			knownRegions = (
				en,
				Base,
			);
			mainGroup = 824E82471B276C530026AF43;
			productRefGroup = 824E82511B276C530026AF43 /* Products */;
			projectDirPath = "";
			projectRoot = "";
			targets = (
				824E824F1B276C530026AF43 /* Aarti Guide */,
				824E82641B276C530026AF43 /* Aarti GuideTests */,
			);
		};
/* End PBXProject section */

/* Begin PBXResourcesBuildPhase section */
		824E824E1B276C530026AF43 /* Resources */ = {
			isa = PBXResourcesBuildPhase;
			buildActionMask = 2147483647;
			files = (
				82BEEB7E1B31EE9800FAA255 /* Main.storyboard in Resources */,
				82BEEB7D1B31EE8700FAA255 /* LaunchScreen.xib in Resources */,
				824E82E81B276DC20026AF43 /* shendur-dn.txt in Resources */,
				824E82B21B276D5E0026AF43 /* krishna-en.txt in Resources */,
				824E82D91B276DC20026AF43 /* dutta-dn.txt in Resources */,
				824E82AC1B276D5E0026AF43 /* devi-en.txt in Resources */,
				824E82E61B276DC20026AF43 /* sai-dn.txt in Resources */,
				824E82901B276CE70026AF43 /* saibaba.png in Resources */,
				824E828C1B276CE70026AF43 /* maruti.png in Resources */,
				824E82AE1B276D5E0026AF43 /* dynaneshwar-en.txt in Resources */,
				824E82EA1B276DC20026AF43 /* yehi-ho-vitthale-dn.txt in Resources */,
				8264C3661B279C5400983A32 /* Aarti List.plist in Resources */,
				824E82BE1B276D5E0026AF43 /* yehi-ho-vitthale-en.txt in Resources */,
				824E82AB1B276D5E0026AF43 /* dashavtar-en.txt in Resources */,
				824E82D81B276DC20026AF43 /* devi-dn.txt in Resources */,
				824E82E71B276DC20026AF43 /* satyanarayan-dn.txt in Resources */,
				824E82E31B276DC20026AF43 /* pandurang-dn.txt in Resources */,
				824E82B31B276D5E0026AF43 /* mantra-pushpanjali-en.txt in Resources */,
				824E82DE1B276DC20026AF43 /* krishna-dn.txt in Resources */,
				824E82DA1B276DC20026AF43 /* dynaneshwar-dn.txt in Resources */,
				824E82B61B276D5E0026AF43 /* omjagdeesh-en.txt in Resources */,
				824E82E91B276DC20026AF43 /* shiva-dn.txt in Resources */,
				824E82891B276CE70026AF43 /* dnyaneshwar.png in Resources */,
				824E82AA1B276D5E0026AF43 /* bheemrupi-en.txt in Resources */,
				824E82B71B276D5E0026AF43 /* pandurang-en.txt in Resources */,
				824E82DC1B276DC20026AF43 /* ghalin-lotangan-dn.txt in Resources */,
				824E82D61B276DC20026AF43 /* bheemrupi-dn.txt in Resources */,
				824E82861B276CE70026AF43 /* dashavtar.png in Resources */,
				824E82E21B276DC20026AF43 /* omjagdeesh-dn.txt in Resources */,
				824E82D51B276DC20026AF43 /* atharva-dn.txt in Resources */,
				824E82B51B276D5E0026AF43 /* narasimha-en.txt in Resources */,
				824E82871B276CE70026AF43 /* dutta.png in Resources */,
				824E82921B276CE70026AF43 /* shiva.png in Resources */,
				824E82E11B276DC20026AF43 /* narasimha-dn.txt in Resources */,
				824E828F1B276CE70026AF43 /* ram.png in Resources */,
				824E82DB1B276DC20026AF43 /* ganesh-dn.txt in Resources */,
				824E82E51B276DC20026AF43 /* ram-dn.txt in Resources */,
				824E82AD1B276D5E0026AF43 /* dutta-en.txt in Resources */,
				824E82E41B276DC20026AF43 /* pranamya-shirsa-dn.txt in Resources */,
				824E828A1B276CE70026AF43 /* ganesha.png in Resources */,
				824E82B81B276D5E0026AF43 /* pranamya-shirsa-en.txt in Resources */,
				824E82B91B276D5E0026AF43 /* ram-en.txt in Resources */,
				824E825D1B276C530026AF43 /* Images.xcassets in Resources */,
				824E82BB1B276D5E0026AF43 /* satyanarayan-en.txt in Resources */,
				824E82B01B276D5E0026AF43 /* ghalin-lotangan-en.txt in Resources */,
				824E82BC1B276D5E0026AF43 /* shendur-en.txt in Resources */,
				824E828E1B276CE70026AF43 /* pandurang.png in Resources */,
				824E82B11B276D5E0026AF43 /* karpurarti-en.txt in Resources */,
				824E82BD1B276D5E0026AF43 /* shiva-en.txt in Resources */,
				824E82A91B276D5E0026AF43 /* atharva-en.txt in Resources */,
				824E828B1B276CE70026AF43 /* krishna.png in Resources */,
				824E82E01B276DC20026AF43 /* maruti-dn.txt in Resources */,
				824E82D71B276DC20026AF43 /* dashavtar-dn.txt in Resources */,
				824E828D1B276CE70026AF43 /* narasimha.png in Resources */,
				824E82AF1B276D5E0026AF43 /* ganesh-en.txt in Resources */,
				824E82B41B276D5E0026AF43 /* maruti-en.txt in Resources */,
				824E82DD1B276DC20026AF43 /* karpurarti-dn.txt in Resources */,
				824E82DF1B276DC20026AF43 /* mantra-pushpanjali-dn.txt in Resources */,
				824E82BA1B276D5E0026AF43 /* sai-en.txt in Resources */,
				824E82911B276CE70026AF43 /* satyanarayan.png in Resources */,
				824E82881B276CE70026AF43 /* devi.png in Resources */,
				8264C3641B277EB100983A32 /* om.png in Resources */,
			);
			runOnlyForDeploymentPostprocessing = 0;
		};
		824E82631B276C530026AF43 /* Resources */ = {
			isa = PBXResourcesBuildPhase;
			buildActionMask = 2147483647;
			files = (
			);
			runOnlyForDeploymentPostprocessing = 0;
		};
/* End PBXResourcesBuildPhase section */

/* Begin PBXSourcesBuildPhase section */
		824E824C1B276C530026AF43 /* Sources */ = {
			isa = PBXSourcesBuildPhase;
			buildActionMask = 2147483647;
			files = (
				8289FDA71B28E9F400580C4B /* AboutViewController.swift in Sources */,
				8264C3621B27785600983A32 /* Aarti.swift in Sources */,
				8264C3681B27FE4700983A32 /* TableViewCell.swift in Sources */,
				8289FDA31B28CBE900580C4B /* DetailViewController.swift in Sources */,
				824E82581B276C530026AF43 /* TableViewController.swift in Sources */,
				824E82561B276C530026AF43 /* AppDelegate.swift in Sources */,
			);
			runOnlyForDeploymentPostprocessing = 0;
		};
		824E82611B276C530026AF43 /* Sources */ = {
			isa = PBXSourcesBuildPhase;
			buildActionMask = 2147483647;
			files = (
				824E826C1B276C530026AF43 /* Aarti_GuideTests.swift in Sources */,
			);
			runOnlyForDeploymentPostprocessing = 0;
		};
/* End PBXSourcesBuildPhase section */

/* Begin PBXTargetDependency section */
		824E82671B276C530026AF43 /* PBXTargetDependency */ = {
			isa = PBXTargetDependency;
			target = 824E824F1B276C530026AF43 /* Aarti Guide */;
			targetProxy = 824E82661B276C530026AF43 /* PBXContainerItemProxy */;
		};
/* End PBXTargetDependency section */

/* Begin PBXVariantGroup section */
		824E82591B276C530026AF43 /* Main.storyboard */ = {
			isa = PBXVariantGroup;
			children = (
				824E825A1B276C530026AF43 /* Base */,
			);
			name = Main.storyboard;
			sourceTree = "<group>";
		};
		824E825E1B276C530026AF43 /* LaunchScreen.xib */ = {
			isa = PBXVariantGroup;
			children = (
				824E825F1B276C530026AF43 /* Base */,
			);
			name = LaunchScreen.xib;
			sourceTree = "<group>";
		};
/* End PBXVariantGroup section */

/* Begin XCBuildConfiguration section */
		824E826D1B276C530026AF43 /* Debug */ = {
			isa = XCBuildConfiguration;
			buildSettings = {
				ALWAYS_SEARCH_USER_PATHS = NO;
				CLANG_CXX_LANGUAGE_STANDARD = "gnu++0x";
				CLANG_CXX_LIBRARY = "libc++";
				CLANG_ENABLE_MODULES = YES;
				CLANG_ENABLE_OBJC_ARC = YES;
				CLANG_WARN_BOOL_CONVERSION = YES;
				CLANG_WARN_CONSTANT_CONVERSION = YES;
				CLANG_WARN_DIRECT_OBJC_ISA_USAGE = YES_ERROR;
				CLANG_WARN_EMPTY_BODY = YES;
				CLANG_WARN_ENUM_CONVERSION = YES;
				CLANG_WARN_INT_CONVERSION = YES;
				CLANG_WARN_OBJC_ROOT_CLASS = YES_ERROR;
				CLANG_WARN_UNREACHABLE_CODE = YES;
				CLANG_WARN__DUPLICATE_METHOD_MATCH = YES;
				"CODE_SIGN_IDENTITY[sdk=iphoneos*]" = "iPhone Developer";
				COPY_PHASE_STRIP = NO;
				DEBUG_INFORMATION_FORMAT = "dwarf-with-dsym";
				ENABLE_STRICT_OBJC_MSGSEND = YES;
				GCC_C_LANGUAGE_STANDARD = gnu99;
				GCC_DYNAMIC_NO_PIC = NO;
				GCC_NO_COMMON_BLOCKS = YES;
				GCC_OPTIMIZATION_LEVEL = 0;
				GCC_PREPROCESSOR_DEFINITIONS = (
					"DEBUG=1",
					"$(inherited)",
				);
				GCC_SYMBOLS_PRIVATE_EXTERN = NO;
				GCC_WARN_64_TO_32_BIT_CONVERSION = YES;
				GCC_WARN_ABOUT_RETURN_TYPE = YES_ERROR;
				GCC_WARN_UNDECLARED_SELECTOR = YES;
				GCC_WARN_UNINITIALIZED_AUTOS = YES_AGGRESSIVE;
				GCC_WARN_UNUSED_FUNCTION = YES;
				GCC_WARN_UNUSED_VARIABLE = YES;
				IPHONEOS_DEPLOYMENT_TARGET = 8.3;
				MTL_ENABLE_DEBUG_INFO = YES;
				ONLY_ACTIVE_ARCH = YES;
				SDKROOT = iphoneos;
				SWIFT_OPTIMIZATION_LEVEL = "-Onone";
			};
			name = Debug;
		};
		824E826E1B276C530026AF43 /* Release */ = {
			isa = XCBuildConfiguration;
			buildSettings = {
				ALWAYS_SEARCH_USER_PATHS = NO;
				CLANG_CXX_LANGUAGE_STANDARD = "gnu++0x";
				CLANG_CXX_LIBRARY = "libc++";
				CLANG_ENABLE_MODULES = YES;
				CLANG_ENABLE_OBJC_ARC = YES;
				CLANG_WARN_BOOL_CONVERSION = YES;
				CLANG_WARN_CONSTANT_CONVERSION = YES;
				CLANG_WARN_DIRECT_OBJC_ISA_USAGE = YES_ERROR;
				CLANG_WARN_EMPTY_BODY = YES;
				CLANG_WARN_ENUM_CONVERSION = YES;
				CLANG_WARN_INT_CONVERSION = YES;
				CLANG_WARN_OBJC_ROOT_CLASS = YES_ERROR;
				CLANG_WARN_UNREACHABLE_CODE = YES;
				CLANG_WARN__DUPLICATE_METHOD_MATCH = YES;
				"CODE_SIGN_IDENTITY[sdk=iphoneos*]" = "iPhone Developer";
				COPY_PHASE_STRIP = NO;
				DEBUG_INFORMATION_FORMAT = "dwarf-with-dsym";
				ENABLE_NS_ASSERTIONS = NO;
				ENABLE_STRICT_OBJC_MSGSEND = YES;
				GCC_C_LANGUAGE_STANDARD = gnu99;
				GCC_NO_COMMON_BLOCKS = YES;
				GCC_WARN_64_TO_32_BIT_CONVERSION = YES;
				GCC_WARN_ABOUT_RETURN_TYPE = YES_ERROR;
				GCC_WARN_UNDECLARED_SELECTOR = YES;
				GCC_WARN_UNINITIALIZED_AUTOS = YES_AGGRESSIVE;
				GCC_WARN_UNUSED_FUNCTION = YES;
				GCC_WARN_UNUSED_VARIABLE = YES;
				IPHONEOS_DEPLOYMENT_TARGET = 8.3;
				MTL_ENABLE_DEBUG_INFO = NO;
				SDKROOT = iphoneos;
				VALIDATE_PRODUCT = YES;
			};
			name = Release;
		};
		824E82701B276C530026AF43 /* Debug */ = {
			isa = XCBuildConfiguration;
			buildSettings = {
				ASSETCATALOG_COMPILER_APPICON_NAME = AppIcon;
				ASSETCATALOG_COMPILER_LAUNCHIMAGE_NAME = LaunchImage;
				CODE_SIGN_IDENTITY = "iPhone Developer";
				INFOPLIST_FILE = "Aarti Guide/Info.plist";
				IPHONEOS_DEPLOYMENT_TARGET = 6.1;
				LD_RUNPATH_SEARCH_PATHS = "$(inherited) @executable_path/Frameworks";
				PRODUCT_NAME = "$(TARGET_NAME)";
			};
			name = Debug;
		};
		824E82711B276C530026AF43 /* Release */ = {
			isa = XCBuildConfiguration;
			buildSettings = {
				ASSETCATALOG_COMPILER_APPICON_NAME = AppIcon;
				ASSETCATALOG_COMPILER_LAUNCHIMAGE_NAME = LaunchImage;
				CODE_SIGN_IDENTITY = "iPhone Developer";
				INFOPLIST_FILE = "Aarti Guide/Info.plist";
				IPHONEOS_DEPLOYMENT_TARGET = 6.1;
				LD_RUNPATH_SEARCH_PATHS = "$(inherited) @executable_path/Frameworks";
				PRODUCT_NAME = "$(TARGET_NAME)";
			};
			name = Release;
		};
		824E82731B276C530026AF43 /* Debug */ = {
			isa = XCBuildConfiguration;
			buildSettings = {
				BUNDLE_LOADER = "$(TEST_HOST)";
				FRAMEWORK_SEARCH_PATHS = (
					"$(SDKROOT)/Developer/Library/Frameworks",
					"$(inherited)",
				);
				GCC_PREPROCESSOR_DEFINITIONS = (
					"DEBUG=1",
					"$(inherited)",
				);
				INFOPLIST_FILE = "Aarti GuideTests/Info.plist";
				LD_RUNPATH_SEARCH_PATHS = "$(inherited) @executable_path/Frameworks @loader_path/Frameworks";
				PRODUCT_NAME = "$(TARGET_NAME)";
				TEST_HOST = "$(BUILT_PRODUCTS_DIR)/Aarti Guide.app/Aarti Guide";
			};
			name = Debug;
		};
		824E82741B276C530026AF43 /* Release */ = {
			isa = XCBuildConfiguration;
			buildSettings = {
				BUNDLE_LOADER = "$(TEST_HOST)";
				FRAMEWORK_SEARCH_PATHS = (
					"$(SDKROOT)/Developer/Library/Frameworks",
					"$(inherited)",
				);
				INFOPLIST_FILE = "Aarti GuideTests/Info.plist";
				LD_RUNPATH_SEARCH_PATHS = "$(inherited) @executable_path/Frameworks @loader_path/Frameworks";
				PRODUCT_NAME = "$(TARGET_NAME)";
				TEST_HOST = "$(BUILT_PRODUCTS_DIR)/Aarti Guide.app/Aarti Guide";
			};
			name = Release;
		};
/* End XCBuildConfiguration section */

/* Begin XCConfigurationList section */
		824E824B1B276C530026AF43 /* Build configuration list for PBXProject "Aarti Guide" */ = {
			isa = XCConfigurationList;
			buildConfigurations = (
				824E826D1B276C530026AF43 /* Debug */,
				824E826E1B276C530026AF43 /* Release */,
			);
			defaultConfigurationIsVisible = 0;
			defaultConfigurationName = Release;
		};
		824E826F1B276C530026AF43 /* Build configuration list for PBXNativeTarget "Aarti Guide" */ = {
			isa = XCConfigurationList;
			buildConfigurations = (
				824E82701B276C530026AF43 /* Debug */,
				824E82711B276C530026AF43 /* Release */,
			);
			defaultConfigurationIsVisible = 0;
			defaultConfigurationName = Release;
		};
		824E82721B276C530026AF43 /* Build configuration list for PBXNativeTarget "Aarti GuideTests" */ = {
			isa = XCConfigurationList;
			buildConfigurations = (
				824E82731B276C530026AF43 /* Debug */,
				824E82741B276C530026AF43 /* Release */,
			);
			defaultConfigurationIsVisible = 0;
			defaultConfigurationName = Release;
		};
/* End XCConfigurationList section */
	};
	rootObject = 824E82481B276C530026AF43 /* Project object */;
}
